// !$*UTF8*$!
{
  archiveVersion = 1;
  objectVersion = 56;
  objects = {
    000000000000000000000001 = {isa = PBXProject; attributes = {LastUpgradeCheck = 1600;}; buildConfigurationList = 000000000000000000000010; compatibilityVersion = "Xcode 14.0"; developmentRegion = en; mainGroup = 000000000000000000000002; productRefGroup = 000000000000000000000003; projectDirPath = ""; projectRoot = ""; targets = (000000000000000000000020);};
    000000000000000000000002 = {isa = PBXGroup; children = (000000000000000000000030,000000000000000000000031,000000000000000000000032,000000000000000000000003); sourceTree = "<group>";};
    000000000000000000000003 = {isa = PBXGroup; children = (000000000000000000000040); name = Products; sourceTree = "<group>";};
    000000000000000000000020 = {isa = PBXNativeTarget; buildConfigurationList = 000000000000000000000011; buildPhases = (000000000000000000000050,000000000000000000000051,000000000000000000000052); buildRules = (); dependencies = (); name = GKZ_GUI; productName = sGKZ; productReference = 000000000000000000000040; productType = "com.apple.product-type.application";};
    000000000000000000000030 = {isa = PBXGroup; children = (000000000000000000000060,000000000000000000000061,000000000000000000000062,000000000000000000000063,000000000000000000000064,000000000000000000000065,000000000000000000000066,000000000000000000000067,00000000000000000000006C); path = GKZ_GUI; sourceTree = "<group>";};
    000000000000000000000031 = {isa = PBXGroup; children = (000000000000000000000068,000000000000000000000069); path = Bridge; sourceTree = "<group>";};
    000000000000000000000032 = {isa = PBXGroup; children = (00000000000000000000006A,00000000000000000000006B); path = CoreAdapter; sourceTree = "<group>";};
    000000000000000000000040 = {isa = PBXFileReference; explicitFileType = wrapper.application; includeInIndex = 0; path = sGKZ.app; sourceTree = BUILT_PRODUCTS_DIR;};
    000000000000000000000050 = {isa = PBXSourcesBuildPhase; buildActionMask = 2147483647; files = (000000000000000000000070,000000000000000000000071,000000000000000000000072,000000000000000000000073,000000000000000000000074,000000000000000000000075,000000000000000000000076,000000000000000000000077,000000000000000000000078,000000000000000000000079,00000000000000000000007A); runOnlyForDeploymentPostprocessing = 0;};
    000000000000000000000051 = {isa = PBXFrameworksBuildPhase; buildActionMask = 2147483647; files = (); runOnlyForDeploymentPostprocessing = 0;};
    000000000000000000000052 = {isa = PBXResourcesBuildPhase; buildActionMask = 2147483647; files = (); runOnlyForDeploymentPostprocessing = 0;};
    000000000000000000000060 = {isa = PBXFileReference; lastKnownFileType = sourcecode.swift; path = App/GKZ_GUIApp.swift; sourceTree = "<group>";};
    000000000000000000000061 = {isa = PBXFileReference; lastKnownFileType = sourcecode.swift; path = App/AppState.swift; sourceTree = "<group>";};
    000000000000000000000062 = {isa = PBXFileReference; lastKnownFileType = sourcecode.swift; path = Models/PointRow.swift; sourceTree = "<group>";};
    000000000000000000000063 = {isa = PBXFileReference; lastKnownFileType = sourcecode.swift; path = Models/PlotState.swift; sourceTree = "<group>";};
    000000000000000000000064 = {isa = PBXFileReference; lastKnownFileType = sourcecode.swift; path = Models/SolveState.swift; sourceTree = "<group>";};
    000000000000000000000065 = {isa = PBXFileReference; lastKnownFileType = sourcecode.swift; path = Views/ContentView.swift; sourceTree = "<group>";};
    000000000000000000000066 = {isa = PBXFileReference; lastKnownFileType = sourcecode.swift; path = Views/PointTableView.swift; sourceTree = "<group>";};
    000000000000000000000067 = {isa = PBXFileReference; lastKnownFileType = sourcecode.swift; path = Views/PlotView.swift; sourceTree = "<group>";};
    00000000000000000000006C = {isa = PBXFileReference; lastKnownFileType = sourcecode.swift; path = Views/ToolbarView.swift; sourceTree = "<group>";};
    000000000000000000000068 = {isa = PBXFileReference; lastKnownFileType = sourcecode.cpp.objcpp; path = GKZBridge.mm; sourceTree = "<group>";};
    000000000000000000000069 = {isa = PBXFileReference; lastKnownFileType = sourcecode.c.h; path = GKZBridge.h; sourceTree = "<group>";};
    00000000000000000000006A = {isa = PBXFileReference; lastKnownFileType = sourcecode.cpp.cpp; path = GuiSolverAdapter.cpp; sourceTree = "<group>";};
    00000000000000000000006B = {isa = PBXFileReference; lastKnownFileType = sourcecode.cpp.h; path = GuiSolverAdapter.hpp; sourceTree = "<group>";};
    000000000000000000000070 = {isa = PBXBuildFile; fileRef = 000000000000000000000060;};
    000000000000000000000071 = {isa = PBXBuildFile; fileRef = 000000000000000000000061;};
    000000000000000000000072 = {isa = PBXBuildFile; fileRef = 000000000000000000000062;};
    000000000000000000000073 = {isa = PBXBuildFile; fileRef = 000000000000000000000063;};
    000000000000000000000074 = {isa = PBXBuildFile; fileRef = 000000000000000000000064;};
    000000000000000000000075 = {isa = PBXBuildFile; fileRef = 000000000000000000000065;};
    000000000000000000000076 = {isa = PBXBuildFile; fileRef = 000000000000000000000066;};
    000000000000000000000077 = {isa = PBXBuildFile; fileRef = 000000000000000000000067;};
    000000000000000000000078 = {isa = PBXBuildFile; fileRef = 000000000000000000000068;};
    000000000000000000000079 = {isa = PBXBuildFile; fileRef = 00000000000000000000006A;};
    00000000000000000000007A = {isa = PBXBuildFile; fileRef = 00000000000000000000006C;};
    000000000000000000000010 = {isa = XCConfigurationList; buildConfigurations = (000000000000000000000014,000000000000000000000015); defaultConfigurationIsVisible = 0; defaultConfigurationName = Release;};
    000000000000000000000011 = {isa = XCConfigurationList; buildConfigurations = (000000000000000000000016,000000000000000000000017); defaultConfigurationIsVisible = 0; defaultConfigurationName = Release;};
    000000000000000000000014 = {isa = XCBuildConfiguration; buildSettings = {MACOSX_DEPLOYMENT_TARGET = 13.0;}; name = Debug;};
    000000000000000000000015 = {isa = XCBuildConfiguration; buildSettings = {MACOSX_DEPLOYMENT_TARGET = 13.0;}; name = Release;};
    000000000000000000000016 = {isa = XCBuildConfiguration; buildSettings = {CLANG_CXX_LANGUAGE_STANDARD = "c++20"; HEADER_SEARCH_PATHS = ("$(SRCROOT)/../include","$(SRCROOT)/CoreAdapter","$(GKZ_DEPENDENCY_PREFIX)/include","$(GKZ_DEPENDENCY_PREFIX)/include/eigen3"); LIBRARY_SEARCH_PATHS = ("$(SRCROOT)/build-root","$(GKZ_DEPENDENCY_PREFIX)/lib"); OTHER_LDFLAGS = ("-lgkz_gui_adapter","-lgkz_core","$(GKZ_DEPENDENCY_PREFIX)/lib/libgmpxx.a","$(GKZ_DEPENDENCY_PREFIX)/lib/libmpfr.a","$(GKZ_DEPENDENCY_PREFIX)/lib/libgmp.a"); SWIFT_VERSION = 5.0; SWIFT_OBJC_BRIDGING_HEADER = "$(SRCROOT)/Bridge/GKZBridge.h"; INFOPLIST_FILE = "$(SRCROOT)/GKZ_GUI/Info.plist"; PRODUCT_BUNDLE_IDENTIFIER = org.sgkz.sGKZ; PRODUCT_NAME = sGKZ; ARCHS = "arm64 x86_64"; MACOSX_DEPLOYMENT_TARGET = 13.0;}; name = Debug;};
    000000000000000000000017 = {isa = XCBuildConfiguration; buildSettings = {CLANG_CXX_LANGUAGE_STANDARD = "c++20"; HEADER_SEARCH_PATHS = ("$(SRCROOT)/../include","$(SRCROOT)/CoreAdapter","$(GKZ_DEPENDENCY_PREFIX)/include","$(GKZ_DEPENDENCY_PREFIX)/include/eigen3"); LIBRARY_SEARCH_PATHS = ("$(SRCROOT)/build-root","$(GKZ_DEPENDENCY_PREFIX)/lib"); OTHER_LDFLAGS = ("-lgkz_gui_adapter","-lgkz_core","$(GKZ_DEPENDENCY_PREFIX)/lib/libgmpxx.a","$(GKZ_DEPENDENCY_PREFIX)/lib/libmpfr.a","$(GKZ_DEPENDENCY_PREFIX)/lib/libgmp.a"); SWIFT_VERSION = 5.0; SWIFT_OBJC_BRIDGING_HEADER = "$(SRCROOT)/Bridge/GKZBridge.h"; INFOPLIST_FILE = "$(SRCROOT)/GKZ_GUI/Info.plist"; PRODUCT_BUNDLE_IDENTIFIER = org.sgkz.sGKZ; PRODUCT_NAME = sGKZ; ARCHS = "arm64 x86_64"; MACOSX_DEPLOYMENT_TARGET = 13.0;}; name = Release;};
  };
  rootObject = 000000000000000000000001;
}
